
Microsoft Visual Studio Solution File, Format Version 12.00
# Visual Studio 2012
Project("{FAE04EC0-301F-11D3-BF4B-00C04F79EFBC}") = "Framework", "Framework\Framework.csproj", "{88DAB8A9-3608-4B1A-999A-CE8A66AA94A0}"
EndProject
Project("{FAE04EC0-301F-11D3-BF4B-00C04F79EFBC}") = "Kajabity", "Kajabity\Kajabity.csproj", "{15F2E1E6-D8B9-4AF1-85BB-7D28BD88B9BD}"
EndProject
Project("{FAE04EC0-301F-11D3-BF4B-00C04F79EFBC}") = "OnTheGo", "OnTheGo\OnTheGo.csproj", "{0F22C0CF-0CDB-435C-9090-86CC9AAF2D5E}"
	ProjectSection(ProjectDependencies) = postProject
		{88DAB8A9-3608-4B1A-999A-CE8A66AA94A0} = {88DAB8A9-3608-4B1A-999A-CE8A66AA94A0}
	EndProjectSection
EndProject
Project("{2150E333-8FDC-42A3-9474-1A3956D46DE8}") = ".nuget", ".nuget", "{C33FE5B1-3C1A-4ECD-AB47-BD3837132A18}"
Project("{FAE04EC0-301F-11D3-BF4B-00C04F79EFBC}") = "InductionExercise", "InductionExercise\InductionExercise.csproj", "{DECBF7B2-AEBE-4127-B7B6-EA5FCDCB9279}"
EndProject
Project("{2150E333-8FDC-42A3-9474-1A3956D46DE8}") = ".nuget", ".nuget", "{D9A660A3-3646-476C-91C1-9C2F67E5D507}"
	ProjectSection(SolutionItems) = preProject
		.nuget\NuGet.Config = .nuget\NuGet.Config
		.nuget\NuGet.exe = .nuget\NuGet.exe
		.nuget\NuGet.targets = .nuget\NuGet.targets
	EndProjectSection
EndProject
Global
	GlobalSection(SolutionConfigurationPlatforms) = preSolution
		Debug|Any CPU = Debug|Any CPU
		Debug|x86 = Debug|x86
		Release|Any CPU = Release|Any CPU
		Release|x86 = Release|x86
	EndGlobalSection
	GlobalSection(ProjectConfigurationPlatforms) = postSolution
		{88DAB8A9-3608-4B1A-999A-CE8A66AA94A0}.Debug|Any CPU.ActiveCfg = Debug|Any CPU
		{88DAB8A9-3608-4B1A-999A-CE8A66AA94A0}.Debug|Any CPU.Build.0 = Debug|Any CPU
		{88DAB8A9-3608-4B1A-999A-CE8A66AA94A0}.Debug|x86.ActiveCfg = Debug|Any CPU
		{88DAB8A9-3608-4B1A-999A-CE8A66AA94A0}.Release|Any CPU.ActiveCfg = Release|Any CPU
		{88DAB8A9-3608-4B1A-999A-CE8A66AA94A0}.Release|Any CPU.Build.0 = Release|Any CPU
		{88DAB8A9-3608-4B1A-999A-CE8A66AA94A0}.Release|x86.ActiveCfg = Release|Any CPU
		{15F2E1E6-D8B9-4AF1-85BB-7D28BD88B9BD}.Debug|Any CPU.ActiveCfg = Debug|Any CPU
		{15F2E1E6-D8B9-4AF1-85BB-7D28BD88B9BD}.Debug|Any CPU.Build.0 = Debug|Any CPU
		{15F2E1E6-D8B9-4AF1-85BB-7D28BD88B9BD}.Debug|x86.ActiveCfg = Debug|x86
		{15F2E1E6-D8B9-4AF1-85BB-7D28BD88B9BD}.Debug|x86.Build.0 = Debug|x86
		{15F2E1E6-D8B9-4AF1-85BB-7D28BD88B9BD}.Release|Any CPU.ActiveCfg = Release|Any CPU
		{15F2E1E6-D8B9-4AF1-85BB-7D28BD88B9BD}.Release|Any CPU.Build.0 = Release|Any CPU
		{15F2E1E6-D8B9-4AF1-85BB-7D28BD88B9BD}.Release|x86.ActiveCfg = Release|x86
		{15F2E1E6-D8B9-4AF1-85BB-7D28BD88B9BD}.Release|x86.Build.0 = Release|x86
		{0F22C0CF-0CDB-435C-9090-86CC9AAF2D5E}.Debug|Any CPU.ActiveCfg = Debug|Any CPU
		{0F22C0CF-0CDB-435C-9090-86CC9AAF2D5E}.Debug|Any CPU.Build.0 = Debug|Any CPU
		{0F22C0CF-0CDB-435C-9090-86CC9AAF2D5E}.Debug|x86.ActiveCfg = Debug|Any CPU
		{0F22C0CF-0CDB-435C-9090-86CC9AAF2D5E}.Release|Any CPU.ActiveCfg = Release|Any CPU
		{0F22C0CF-0CDB-435C-9090-86CC9AAF2D5E}.Release|Any CPU.Build.0 = Release|Any CPU
		{0F22C0CF-0CDB-435C-9090-86CC9AAF2D5E}.Release|x86.ActiveCfg = Release|Any CPU
		{DECBF7B2-AEBE-4127-B7B6-EA5FCDCB9279}.Debug|Any CPU.ActiveCfg = Debug|Any CPU
		{DECBF7B2-AEBE-4127-B7B6-EA5FCDCB9279}.Debug|Any CPU.Build.0 = Debug|Any CPU
		{DECBF7B2-AEBE-4127-B7B6-EA5FCDCB9279}.Debug|x86.ActiveCfg = Debug|Any CPU
		{DECBF7B2-AEBE-4127-B7B6-EA5FCDCB9279}.Release|Any CPU.ActiveCfg = Release|Any CPU
		{DECBF7B2-AEBE-4127-B7B6-EA5FCDCB9279}.Release|Any CPU.Build.0 = Release|Any CPU
		{DECBF7B2-AEBE-4127-B7B6-EA5FCDCB9279}.Release|x86.ActiveCfg = Release|Any CPU
	EndGlobalSection
	GlobalSection(SolutionProperties) = preSolution
		HideSolutionNode = FALSE
	EndGlobalSection
EndGlobal
